<?xml version="1.0" encoding="UTF-8"?>
<Scheme
   LastUpgradeVersion = "0630"
   version = "1.7">
   <BuildAction
      parallelizeBuildables = "YES"
      buildImplicitDependencies = "YES">
      <BuildActionEntries>
         <BuildActionEntry
            buildForTesting = "YES"
            buildForRunning = "YES"
            buildForProfiling = "YES"
            buildForArchiving = "YES"
            buildForAnalyzing = "YES">
            <BuildableReference
               BuildableIdentifier = "primary"
               BlueprintIdentifier = "6AE0B1721AEC3420003B4C49"
               BuildableName = "TimeTracker.app"
               BlueprintName = "TimeTracker"
               ReferencedContainer = "container:TimeTracker.xcodeproj">
            </BuildableReference>
         </BuildActionEntry>
         <BuildActionEntry
            buildForTesting = "YES"
            buildForRunning = "YES"
            buildForProfiling = "NO"
            buildForArchiving = "NO"
            buildForAnalyzing = "YES">
            <BuildableReference
               BuildableIdentifier = "primary"
               BlueprintIdentifier = "6AE0B18E1AEC3421003B4C49"
               BuildableName = "TimeTrackerTests.xctest"
               BlueprintName = "TimeTrackerTests"
               ReferencedContainer = "container:TimeTracker.xcodeproj">
            </BuildableReference>
         </BuildActionEntry>
      </BuildActionEntries>
   </BuildAction>
   <TestAction
      selectedDebuggerIdentifier = "Xcode.DebuggerFoundation.Debugger.LLDB"
      selectedLauncherIdentifier = "Xcode.DebuggerFoundation.Launcher.LLDB"
      shouldUseLaunchSchemeArgsEnv = "YES"
      buildConfiguration = "Debug">
      <Testables>
         <TestableReference
            skipped = "NO">
            <BuildableReference
               BuildableIdentifier = "primary"
               BlueprintIdentifier = "6AE0B18E1AEC3421003B4C49"
               BuildableName = "TimeTrackerTests.xctest"
               BlueprintName = "TimeTrackerTests"
               ReferencedContainer = "container:TimeTracker.xcodeproj">
            </BuildableReference>
         </TestableReference>
      </Testables>
      <MacroExpansion>
         <BuildableReference
            BuildableIdentifier = "primary"
            BlueprintIdentifier = "6AE0B1721AEC3420003B4C49"
            BuildableName = "TimeTracker.app"
            BlueprintName = "TimeTracker"
            ReferencedContainer = "container:TimeTracker.xcodeproj">
         </BuildableReference>
      </MacroExpansion>
   </TestAction>
   <LaunchAction
      selectedDebuggerIdentifier = "Xcode.DebuggerFoundation.Debugger.LLDB"
      selectedLauncherIdentifier = "Xcode.DebuggerFoundation.Launcher.LLDB"
      launchStyle = "0"
      useCustomWorkingDirectory = "NO"
      buildConfiguration = "Debug"
      ignoresPersistentStateOnLaunch = "NO"
      debugDocumentVersioning = "YES"
      allowLocationSimulation = "YES">
      <BuildableProductRunnable
         runnableDebuggingMode = "0">
         <BuildableReference
            BuildableIdentifier = "primary"
            BlueprintIdentifier = "6AE0B1721AEC3420003B4C49"
            BuildableName = "TimeTracker.app"
            BlueprintName = "TimeTracker"
            ReferencedContainer = "container:TimeTracker.xcodeproj">
         </BuildableReference>
      </BuildableProductRunnable>
      <AdditionalOptions>
      </AdditionalOptions>
   </LaunchAction>
   <ProfileAction
      shouldUseLaunchSchemeArgsEnv = "YES"
      savedToolIdentifier = ""
      useCustomWorkingDirectory = "NO"
      buildConfiguration = "Release"
      debugDocumentVersioning = "YES">
      <BuildableProductRunnable
         runnableDebuggingMode = "0">
         <BuildableReference
            BuildableIdentifier = "primary"
            BlueprintIdentifier = "6AE0B1721AEC3420003B4C49"
            BuildableName = "TimeTracker.app"
            BlueprintName = "TimeTracker"
            ReferencedContainer = "container:TimeTracker.xcodeproj">
         </BuildableReference>
      </BuildableProductRunnable>
   </ProfileAction>
   <AnalyzeAction
      buildConfiguration = "Debug">
   </AnalyzeAction>
   <ArchiveAction
      buildConfiguration = "Release"
      revealArchiveInOrganizer = "YES">
      <PostActions>
         <ExecutionAction
            ActionType = "Xcode.IDEStandardExecutionActionsCore.ExecutionActionType.ShellScriptAction">
            <ActionContent
               title = "Run Script"
               scriptText = "# builds .ipa file with target signing identity and below specified provisioning profile&#10;#Note: in Target build settings: set &quot;Code Signing Resource Rules Path&quot; to $(SDKROOT)/ResourceRules.plist&#10;CODE_SIGN=&quot;iPhone Distribution: PocketPoints ApS (H87K2Z5CKH)&quot;&#10;#CODE_SIGN=&quot;iPhone Distribution: PocketPoints ApS&quot;&#10;#${CODE_SIGN_IDENTITY}&#10;&#10;#PROV_PATH=&quot;${HOME}/Library/MobileDevice/Provisioning Profiles/&quot;&#10;#if [[ -n ${PROVISIONING_PROFILE} ]];then&#10;#PROVISIONING_PROFILE=&quot;${PROV_PATH}${PROVISIONING_PROFILE}.mobileprovision&quot;&#10;#else&#10;#PROVISIONING_PROFILE=&quot;${PROV_PATH}9d3cc436-78fe-4247-b51f-cb0c6501fa39.mobileprovision&quot;&#10;fi&#10;&#10;DIR=&quot;/tmp/iOS-archives/beta/&quot;&#10;DATE=$( /bin/date +&quot;%Y-%m-%d&quot; )&#10;TIME=$( /bin/date +&quot;%Y-%m-%d_%H-%M-%s&quot; )&#10;&#10;LOG=&quot;${DIR}${PRODUCT_NAME}-archive${TIME}.log&quot;&#10;&#10;ARCHIVE=$( /bin/ls -t &quot;${HOME}/Library/Developer/Xcode/Archives/${DATE}&quot; | /usr/bin/grep xcarchive | /usr/bin/sed -n 1p )&#10;DSYM=&quot;${HOME}/Library/Developer/Xcode/Archives/${DATE}/${ARCHIVE}/dSYMs/${PRODUCT_NAME}.app.dSYM&quot;&#10;APP=&quot;${HOME}/Library/Developer/Xcode/Archives/${DATE}/${ARCHIVE}/Products/Applications/${PRODUCT_NAME}.app&quot;&#10;&#10;mkdir -p &quot;$DIR&quot;&#10;/usr/bin/open -a /Applications/Utilities/Console.app $LOG&#10;&#10;echo &quot;Code sign ${CODE_SIGN}&quot; &gt;&gt; $LOG&#10;echo -n &quot;Creating .ipa for ${PRODUCT_NAME}... &quot; &gt;&gt; $LOG&#10;&#10;/bin/rm &quot;${DIR}${PRODUCT_NAME}.ipa&quot;&#10;/usr/bin/xcrun -sdk iphoneos PackageApplication -v &quot;${APP}&quot; -o &quot;${DIR}${PRODUCT_NAME}.ipa&quot; --sign &quot;${CODE_SIGN}&quot; &gt;&gt; $LOG&#10;#/usr/bin/xcrun -sdk iphoneos PackageApplication -v &quot;${APP}&quot; -o &quot;${DIR}${PRODUCT_NAME}.ipa&quot; --sign &quot;${CODE_SIGN_IDENTITY}&quot; --embed &quot;${PROVISIONING_PROFILE}&quot;  &gt;&gt; $LOG&#10;&#10;echo &quot;done.&quot; &gt;&gt; $LOG&#10;/usr/bin/open -a finder &quot;${DIR}&quot;&#10;">
               <EnvironmentBuildable>
                  <BuildableReference
                     BuildableIdentifier = "primary"
                     BlueprintIdentifier = "6AE0B1721AEC3420003B4C49"
                     BuildableName = "TimeTracker.app"
                     BlueprintName = "TimeTracker"
                     ReferencedContainer = "container:TimeTracker.xcodeproj">
                  </BuildableReference>
               </EnvironmentBuildable>
            </ActionContent>
         </ExecutionAction>
      </PostActions>
   </ArchiveAction>
</Scheme>
